
Microsoft Visual Studio Solution File, Format Version 12.00
# Visual Studio Version 17
VisualStudioVersion = 17.0.32112.339
MinimumVisualStudioVersion = 10.0.40219.1
Project("{FAE04EC0-301F-11D3-BF4B-00C04F79EFBC}") = "panalbase", "panalbase.csproj", "{DA817A86-78E2-4E76-8303-2408A487CC7C}"
EndProject
Project("{9A19103F-16F7-4668-BE54-9A1E7A4F7556}") = "WinFormsLibraryNOTICIAS", "D:\SISTEMAS\3ER SEMESTRE\PROGRAMACION 3\Para Proyecto Grupal\Prueba de panel de noticias v1\Prueba de panel de noticias\WinFormsLibraryNOTICIAS\WinFormsLibraryNOTICIAS.csproj", "{AD2D11CB-3C8D-4DE4-AEBA-76CC19CA0ED2}"
EndProject
Project("{54435603-DBB4-11D2-8724-00A0C9A8B90C}") = "Setup1", "..\Setup1\Setup1.vdproj", "{3A410F3A-D701-4FC1-A390-444867518ADE}"
EndProject
Global
	GlobalSection(SolutionConfigurationPlatforms) = preSolution
		Debug|Any CPU = Debug|Any CPU
		Release|Any CPU = Release|Any CPU
	EndGlobalSection
	GlobalSection(ProjectConfigurationPlatforms) = postSolution
		{DA817A86-78E2-4E76-8303-2408A487CC7C}.Debug|Any CPU.ActiveCfg = Debug|Any CPU
		{DA817A86-78E2-4E76-8303-2408A487CC7C}.Debug|Any CPU.Build.0 = Debug|Any CPU
		{DA817A86-78E2-4E76-8303-2408A487CC7C}.Release|Any CPU.ActiveCfg = Release|Any CPU
		{DA817A86-78E2-4E76-8303-2408A487CC7C}.Release|Any CPU.Build.0 = Release|Any CPU
		{AD2D11CB-3C8D-4DE4-AEBA-76CC19CA0ED2}.Debug|Any CPU.ActiveCfg = Debug|Any CPU
		{AD2D11CB-3C8D-4DE4-AEBA-76CC19CA0ED2}.Debug|Any CPU.Build.0 = Debug|Any CPU
		{AD2D11CB-3C8D-4DE4-AEBA-76CC19CA0ED2}.Release|Any CPU.ActiveCfg = Release|Any CPU
		{AD2D11CB-3C8D-4DE4-AEBA-76CC19CA0ED2}.Release|Any CPU.Build.0 = Release|Any CPU
		{3A410F3A-D701-4FC1-A390-444867518ADE}.Debug|Any CPU.ActiveCfg = Debug
		{3A410F3A-D701-4FC1-A390-444867518ADE}.Release|Any CPU.ActiveCfg = Release
	EndGlobalSection
	GlobalSection(SolutionProperties) = preSolution
		HideSolutionNode = FALSE
	EndGlobalSection
	GlobalSection(ExtensibilityGlobals) = postSolution
		SolutionGuid = {CAB7B18C-D9A7-44BA-BCF0-CA34C9E9714A}
	EndGlobalSection
EndGlobal
